
Microsoft Visual Studio Solution File, Format Version 12.00
# Visual Studio 14
VisualStudioVersion = 14.0.25420.1
MinimumVisualStudioVersion = 10.0.40219.1
Project("{8BC9CEB8-8B4A-11D0-8D11-00A0C91BC942}") = "client", "client.vcxproj", "{DA10B9F0-F6B3-4E16-80D1-EC470CE6306E}"
EndProject
Global
	GlobalSection(SolutionConfigurationPlatforms) = preSolution
		Debug|x86 = Debug|x86
		Release|x86 = Release|x86
	EndGlobalSection
	GlobalSection(ProjectConfigurationPlatforms) = postSolution
		{DA10B9F0-F6B3-4E16-80D1-EC470CE6306E}.Debug|x86.ActiveCfg = Debug|Win32
		{DA10B9F0-F6B3-4E16-80D1-EC470CE6306E}.Debug|x86.Build.0 = Debug|Win32
		{DA10B9F0-F6B3-4E16-80D1-EC470CE6306E}.Release|x86.ActiveCfg = Release|Win32
		{DA10B9F0-F6B3-4E16-80D1-EC470CE6306E}.Release|x86.Build.0 = Release|Win32
	EndGlobalSection
	GlobalSection(SolutionProperties) = preSolution
		HideSolutionNode = FALSE
	EndGlobalSection
EndGlobal
